{
  "name": "mtui",
  "lockfileVersion": 2,
  "requires": true,
  "packages": {
    "": {
      "dependencies": {
        "codemirror": "^5.65.15"
      }
    },
    "node_modules/codemirror": {
      "version": "5.65.15",
      "resolved": "https://registry.npmjs.org/codemirror/-/codemirror-5.65.15.tgz",
      "integrity": "sha512-YC4EHbbwQeubZzxLl5G4nlbLc1T21QTrKGaOal/Pkm9dVDMZXMH7+ieSPEOZCtO9I68i8/oteJKOxzHC2zR+0g=="
    }
  },
  "dependencies": {
    "codemirror": {
      "version": "5.65.15",
      "resolved": "https://registry.npmjs.org/codemirror/-/codemirror-5.65.15.tgz",
      "integrity": "sha512-YC4EHbbwQeubZzxLl5G4nlbLc1T21QTrKGaOal/Pkm9dVDMZXMH7+ieSPEOZCtO9I68i8/oteJKOxzHC2zR+0g=="
    }
  }
}
